schema: '2.0'
stages:
  prepare:
    cmd: python src/pipeline/prepare.py params.yaml
    deps:
    - path: data/raw
      md5: 482b064ffaf5a3f9c9123e7d553d3486.dir
      size: 960660
      nfiles: 5
    - path: src/data
      md5: fa74cd354e50f078d6f46c1d641d776d.dir
      size: 2820
      nfiles: 2
    - path: src/pipeline/prepare.py
      md5: b506941ac2eb47382fd1552134fa84f2
      size: 1029
    outs:
    - path: data/dvc/
      md5: e5b14fce623486cd0ed3dea5ca9af751.dir
      size: 780157
      nfiles: 1
  prepare-train-evaluate:
    cmd: python src/pipeline/train.py params.yaml
    deps:
    - path: data/raw
      md5: 482b064ffaf5a3f9c9123e7d553d3486.dir
      size: 960660
      nfiles: 5
    - path: src/data
      md5: fa74cd354e50f078d6f46c1d641d776d.dir
      size: 2820
      nfiles: 2
    - path: src/pipeline/train.py
      md5: 0181fc96177bd327a9e4ff9823a9b25f
      size: 1488
    outs:
    - path: data/dvc/
      md5: e5b14fce623486cd0ed3dea5ca9af751.dir
      size: 780157
      nfiles: 1
  train:
    cmd:
    - python src/pipeline/run.py params.yaml
    - python src/pipeline/submission.py params.yaml
    deps:
    - path: params.yaml
      md5: 0e93dca49090464edb4c8d7defb189f6
      size: 761
    - path: src
      md5: 40744f93d50c69d8070e86aa0e9e3364.dir
      size: 43559
      nfiles: 20
    params:
      params.yaml:
        train.estimator.parameters.booster: gbtree
        train.estimator.parameters.lr: 0.1
        train.estimator.parameters.max_depth: 5
        train.estimator.parameters.n_est: 1000
    outs:
    - path: data/dvc/
      md5: d751713988987e9331980363e24189ce.dir
      size: 0
      nfiles: 0
    - path: models/metrics-train.json
      md5: 69f324134854909df97f26f41b61e598
      size: 216
  kagglfy:
    cmd:
    - python src/pipeline/run.py params.yaml
    - python src/pipeline/submission.py params.yaml
    deps:
    - path: params.yaml
      md5: 0e93dca49090464edb4c8d7defb189f6
      size: 761
    - path: src
      md5: 40744f93d50c69d8070e86aa0e9e3364.dir
      size: 43559
      nfiles: 20
    params:
      params.yaml:
        train.estimator.parameters.booster: gbtree
        train.estimator.parameters.lr: 0.1
        train.estimator.parameters.max_depth: 5
        train.estimator.parameters.n_est: 1000
    outs:
    - path: data/dvc/
      md5: d751713988987e9331980363e24189ce.dir
      size: 0
      nfiles: 0
    - path: models/metrics-train.json
      md5: 69f324134854909df97f26f41b61e598
      size: 216
  kaggle:
    cmd:
    - python src/pipeline/run.py params.yaml
    - python src/pipeline/submission.py params.yaml
    deps:
    - path: params.yaml
      md5: 21f1957f4da442812113f67894169afb
      size: 600
      isexec: true
    - path: src
      md5: 7fd30b26af16fd13c4209dab02a37082.dir
      size: 43221
      nfiles: 20
    outs:
    - path: data/dvc/
      md5: d751713988987e9331980363e24189ce.dir
      size: 0
      nfiles: 0
    - path: models/metrics-train.json
      md5: a9cb7115c73fe50c0da5f8b91036a18e
      size: 216
      isexec: true
